
Microsoft Visual Studio Solution File, Format Version 12.00
# Visual Studio Version 16
VisualStudioVersion = 16.0.31105.61
MinimumVisualStudioVersion = 10.0.40219.1
Project("{8BC9CEB8-8B4A-11D0-8D11-00A0C91BC942}") = "211203", "211203.vcxproj", "{B8ABD314-A0CC-4327-87E6-87B970E55609}"
EndProject
Global
	GlobalSection(SolutionConfigurationPlatforms) = preSolution
		Debug|x64 = Debug|x64
		Debug|x86 = Debug|x86
		Release|x64 = Release|x64
		Release|x86 = Release|x86
	EndGlobalSection
	GlobalSection(ProjectConfigurationPlatforms) = postSolution
		{B8ABD314-A0CC-4327-87E6-87B970E55609}.Debug|x64.ActiveCfg = Debug|x64
		{B8ABD314-A0CC-4327-87E6-87B970E55609}.Debug|x64.Build.0 = Debug|x64
		{B8ABD314-A0CC-4327-87E6-87B970E55609}.Debug|x86.ActiveCfg = Debug|Win32
		{B8ABD314-A0CC-4327-87E6-87B970E55609}.Debug|x86.Build.0 = Debug|Win32
		{B8ABD314-A0CC-4327-87E6-87B970E55609}.Release|x64.ActiveCfg = Release|x64
		{B8ABD314-A0CC-4327-87E6-87B970E55609}.Release|x64.Build.0 = Release|x64
		{B8ABD314-A0CC-4327-87E6-87B970E55609}.Release|x86.ActiveCfg = Release|Win32
		{B8ABD314-A0CC-4327-87E6-87B970E55609}.Release|x86.Build.0 = Release|Win32
	EndGlobalSection
	GlobalSection(SolutionProperties) = preSolution
		HideSolutionNode = FALSE
	EndGlobalSection
	GlobalSection(ExtensibilityGlobals) = postSolution
		SolutionGuid = {F6EE21D3-61DE-4B5A-90D7-2FFD8FEDF0FF}
	EndGlobalSection
EndGlobal
